
Microsoft Visual Studio Solution File, Format Version 12.00
# Visual Studio Version 16
VisualStudioVersion = 16.0.29230.47
MinimumVisualStudioVersion = 10.0.40219.1
Project("{FAE04EC0-301F-11D3-BF4B-00C04F79EFBC}") = "EnumeraçõesEnum", "EnumeraçõesEnum.csproj", "{7937C192-82BE-4AA3-BBD0-2A1FA8DA2557}"
EndProject
Global
	GlobalSection(SolutionConfigurationPlatforms) = preSolution
		Debug|Any CPU = Debug|Any CPU
		Release|Any CPU = Release|Any CPU
	EndGlobalSection
	GlobalSection(ProjectConfigurationPlatforms) = postSolution
		{7937C192-82BE-4AA3-BBD0-2A1FA8DA2557}.Debug|Any CPU.ActiveCfg = Debug|Any CPU
		{7937C192-82BE-4AA3-BBD0-2A1FA8DA2557}.Debug|Any CPU.Build.0 = Debug|Any CPU
		{7937C192-82BE-4AA3-BBD0-2A1FA8DA2557}.Release|Any CPU.ActiveCfg = Release|Any CPU
		{7937C192-82BE-4AA3-BBD0-2A1FA8DA2557}.Release|Any CPU.Build.0 = Release|Any CPU
	EndGlobalSection
	GlobalSection(SolutionProperties) = preSolution
		HideSolutionNode = FALSE
	EndGlobalSection
	GlobalSection(ExtensibilityGlobals) = postSolution
		SolutionGuid = {320FC0A7-0072-4B72-B0B0-F8A72D804D0D}
	EndGlobalSection
EndGlobal
